{
  "originHash" : "adcdd298058b980a9e616975a9d45d1920f0b89aefa247ad949be8efd44d45ce",
  "pins" : [
    {
      "identity" : "keychainaccess",
      "kind" : "remoteSourceControl",
      "location" : "https://github.com/kishikawakatsumi/KeychainAccess",
      "state" : {
        "branch" : "master",
        "revision" : "e0c7eebc5a4465a3c4680764f26b7a61f567cdaf"
      }
    },
    {
      "identity" : "realm-core",
      "kind" : "remoteSourceControl",
      "location" : "https://github.com/realm/realm-core.git",
      "state" : {
        "revision" : "85eeca41654cc9070ad81a21a4b1d153ad467c33",
        "version" : "14.13.1"
      }
    },
    {
      "identity" : "realm-swift",
      "kind" : "remoteSourceControl",
      "location" : "https://github.com/realm/realm-swift",
      "state" : {
        "branch" : "master",
        "revision" : "1f09fb14dd9d275b5686016fe8508d491b87cb0b"
      }
    },
    {
      "identity" : "swiftlintplugins",
      "kind" : "remoteSourceControl",
      "location" : "https://github.com/SimplyDanny/SwiftLintPlugins",
      "state" : {
        "revision" : "7a3d77f3dd9f91d5cea138e52c20cfceabf352de",
        "version" : "0.58.2"
      }
    }
  ],
  "version" : 3
}
